{
  "name": "Wave",
  "lockfileVersion": 3,
  "requires": true,
  "packages": {
    "": {
      "dependencies": {
        "react-native-litert-lm": "^0.3.6"
      }
    },
    "node_modules/react-native-litert-lm": {
      "version": "0.3.6",
      "resolved": "https://registry.npmjs.org/react-native-litert-lm/-/react-native-litert-lm-0.3.6.tgz",
      "integrity": "sha512-5ZSRzEbsKGTodJxOKUzUxYIGPreMFq5LvYfcfvM0IcN0+KGJ/33w61z77g4MAjxWLudh4dopBA6UeMDy4RM8wQ==",
      "hasInstallScript": true,
      "license": "MIT",
      "engines": {
        "node": ">=22"
      },
      "peerDependencies": {
        "expo": ">=55.0.0",
        "react": "*",
        "react-native": "*",
        "react-native-nitro-modules": "^0.35.4"
      },
      "peerDependenciesMeta": {
        "expo": {
          "optional": true
        },
        "react": {
          "optional": true
        },
        "react-native": {
          "optional": true
        }
      }
    }
  }
}
